# THIS IS AN AUTOGENERATED FILE. DO NOT EDIT THIS FILE DIRECTLY.
# yarn lockfile v1


"@kent0214/jscommon@^1.0.6":
  version "1.0.6"
  resolved "https://registry.yarnpkg.com/@kent0214/jscommon/-/jscommon-1.0.6.tgz#5827e695be3e42c9cb45ed593f74ede7c977347a"
  integrity sha512-yXyPyEhSom/BXb6hTlEtP5n5YLGrjr1T+41O8qjl8b84xK7luSOKFQzXVkIv2KVS1y4YM8iQROfyB0o6/rVMOg==
